
Microsoft Visual Studio Solution File, Format Version 12.00
# Visual Studio Version 17
VisualStudioVersion = 17.9.34902.65
MinimumVisualStudioVersion = 10.0.40219.1
Project("{9A19103F-16F7-4668-BE54-9A1E7A4F7556}") = "Zabbix_Agent_Sender", "Zabbix_Agent_Sender\Zabbix_Agent_Sender.csproj", "{7FBDBDF6-5762-453E-8680-C46AB96DEE14}"
EndProject
Project("{2150E333-8FDC-42A3-9474-1A3956D46DE8}") = "notused", "notused", "{596F4212-0D02-4607-9735-11B9EDD60B6B}"
	ProjectSection(SolutionItems) = preProject
		Zabbix_Agent_Sender\active_checks_request.cs = Zabbix_Agent_Sender\active_checks_request.cs
		Zabbix_Agent_Sender\agent_heartbeat.cs = Zabbix_Agent_Sender\agent_heartbeat.cs
	EndProjectSection
EndProject
Project("{FAE04EC0-301F-11D3-BF4B-00C04F79EFBC}") = "ZabbixExample", "ZabbixExample\ZabbixExample.csproj", "{7581D35E-48A6-4EC6-8731-0456FEA36830}"
EndProject
Project("{FAE04EC0-301F-11D3-BF4B-00C04F79EFBC}") = "Zabbix_Proxy_Test", "Zabbix_Proxy_Test\Zabbix_Proxy_Test.csproj", "{4AD051CD-09D3-4025-B9B8-CBDB4EC9D08E}"
EndProject
Global
	GlobalSection(SolutionConfigurationPlatforms) = preSolution
		Debug|Any CPU = Debug|Any CPU
		Release|Any CPU = Release|Any CPU
	EndGlobalSection
	GlobalSection(ProjectConfigurationPlatforms) = postSolution
		{7FBDBDF6-5762-453E-8680-C46AB96DEE14}.Debug|Any CPU.ActiveCfg = Debug|Any CPU
		{7FBDBDF6-5762-453E-8680-C46AB96DEE14}.Debug|Any CPU.Build.0 = Debug|Any CPU
		{7FBDBDF6-5762-453E-8680-C46AB96DEE14}.Release|Any CPU.ActiveCfg = Release|Any CPU
		{7FBDBDF6-5762-453E-8680-C46AB96DEE14}.Release|Any CPU.Build.0 = Release|Any CPU
		{7581D35E-48A6-4EC6-8731-0456FEA36830}.Debug|Any CPU.ActiveCfg = Debug|Any CPU
		{7581D35E-48A6-4EC6-8731-0456FEA36830}.Debug|Any CPU.Build.0 = Debug|Any CPU
		{7581D35E-48A6-4EC6-8731-0456FEA36830}.Release|Any CPU.ActiveCfg = Release|Any CPU
		{7581D35E-48A6-4EC6-8731-0456FEA36830}.Release|Any CPU.Build.0 = Release|Any CPU
		{4AD051CD-09D3-4025-B9B8-CBDB4EC9D08E}.Debug|Any CPU.ActiveCfg = Debug|Any CPU
		{4AD051CD-09D3-4025-B9B8-CBDB4EC9D08E}.Debug|Any CPU.Build.0 = Debug|Any CPU
		{4AD051CD-09D3-4025-B9B8-CBDB4EC9D08E}.Release|Any CPU.ActiveCfg = Release|Any CPU
		{4AD051CD-09D3-4025-B9B8-CBDB4EC9D08E}.Release|Any CPU.Build.0 = Release|Any CPU
	EndGlobalSection
	GlobalSection(SolutionProperties) = preSolution
		HideSolutionNode = FALSE
	EndGlobalSection
	GlobalSection(ExtensibilityGlobals) = postSolution
		SolutionGuid = {0A5CB0C2-A54E-433F-AFDC-FC5F8039B1E4}
	EndGlobalSection
EndGlobal
