
Microsoft Visual Studio Solution File, Format Version 12.00
# Visual Studio Version 17
VisualStudioVersion = 17.13.35913.81 d17.13
MinimumVisualStudioVersion = 10.0.40219.1
Project("{FAE04EC0-301F-11D3-BF4B-00C04F79EFBC}") = "ZabbixExample", "ZabbixExample\ZabbixExample.csproj", "{CA86819C-58E6-4110-9326-565A7EAB6AA2}"
EndProject
Project("{FAE04EC0-301F-11D3-BF4B-00C04F79EFBC}") = "ZabbixAgent", "ZabbixAgent\ZabbixAgent.csproj", "{9767E164-CD4D-493E-876F-713CA9452EBA}"
EndProject
Project("{FAE04EC0-301F-11D3-BF4B-00C04F79EFBC}") = "ZabbixService", "ZabbixService\ZabbixService.csproj", "{D83229C7-1B72-4C20-B456-49BFAF41EB79}"
EndProject
Global
	GlobalSection(SolutionConfigurationPlatforms) = preSolution
		Debug|Any CPU = Debug|Any CPU
		Release|Any CPU = Release|Any CPU
	EndGlobalSection
	GlobalSection(ProjectConfigurationPlatforms) = postSolution
		{CA86819C-58E6-4110-9326-565A7EAB6AA2}.Debug|Any CPU.ActiveCfg = Debug|Any CPU
		{CA86819C-58E6-4110-9326-565A7EAB6AA2}.Debug|Any CPU.Build.0 = Debug|Any CPU
		{CA86819C-58E6-4110-9326-565A7EAB6AA2}.Release|Any CPU.ActiveCfg = Release|Any CPU
		{CA86819C-58E6-4110-9326-565A7EAB6AA2}.Release|Any CPU.Build.0 = Release|Any CPU
		{9767E164-CD4D-493E-876F-713CA9452EBA}.Debug|Any CPU.ActiveCfg = Debug|Any CPU
		{9767E164-CD4D-493E-876F-713CA9452EBA}.Debug|Any CPU.Build.0 = Debug|Any CPU
		{9767E164-CD4D-493E-876F-713CA9452EBA}.Release|Any CPU.ActiveCfg = Release|Any CPU
		{9767E164-CD4D-493E-876F-713CA9452EBA}.Release|Any CPU.Build.0 = Release|Any CPU
		{D83229C7-1B72-4C20-B456-49BFAF41EB79}.Debug|Any CPU.ActiveCfg = Debug|Any CPU
		{D83229C7-1B72-4C20-B456-49BFAF41EB79}.Debug|Any CPU.Build.0 = Debug|Any CPU
		{D83229C7-1B72-4C20-B456-49BFAF41EB79}.Release|Any CPU.ActiveCfg = Release|Any CPU
		{D83229C7-1B72-4C20-B456-49BFAF41EB79}.Release|Any CPU.Build.0 = Release|Any CPU
	EndGlobalSection
	GlobalSection(SolutionProperties) = preSolution
		HideSolutionNode = FALSE
	EndGlobalSection
	GlobalSection(ExtensibilityGlobals) = postSolution
		SolutionGuid = {E902C6EF-CA98-471F-A713-133682DBC07B}
	EndGlobalSection
EndGlobal
